
Microsoft Visual Studio Solution File, Format Version 12.00
# Visual Studio 15
VisualStudioVersion = 15.0.28307.136
MinimumVisualStudioVersion = 10.0.40219.1
Project("{9A19103F-16F7-4668-BE54-9A1E7A4F7556}") = "MtgEngine", "MtgEngine\MtgEngine.csproj", "{55C78906-ECB2-42A0-A738-20C2BCAE1D77}"
EndProject
Project("{9A19103F-16F7-4668-BE54-9A1E7A4F7556}") = "MtgEngineTest", "MtgEngineTest\MtgEngineTest.csproj", "{745B33F3-A69A-4A2E-BF51-2E6883FF56F9}"
EndProject
Project("{FAE04EC0-301F-11D3-BF4B-00C04F79EFBC}") = "MtgEngine.TestSet", "MtgEngine.TestSet\MtgEngine.TestSet.csproj", "{E2FA0694-B0D0-4A83-8B7B-C6E8CD5673D7}"
EndProject
Global
	GlobalSection(SolutionConfigurationPlatforms) = preSolution
		Debug|Any CPU = Debug|Any CPU
		Release|Any CPU = Release|Any CPU
	EndGlobalSection
	GlobalSection(ProjectConfigurationPlatforms) = postSolution
		{55C78906-ECB2-42A0-A738-20C2BCAE1D77}.Debug|Any CPU.ActiveCfg = Debug|Any CPU
		{55C78906-ECB2-42A0-A738-20C2BCAE1D77}.Debug|Any CPU.Build.0 = Debug|Any CPU
		{55C78906-ECB2-42A0-A738-20C2BCAE1D77}.Release|Any CPU.ActiveCfg = Release|Any CPU
		{55C78906-ECB2-42A0-A738-20C2BCAE1D77}.Release|Any CPU.Build.0 = Release|Any CPU
		{745B33F3-A69A-4A2E-BF51-2E6883FF56F9}.Debug|Any CPU.ActiveCfg = Debug|Any CPU
		{745B33F3-A69A-4A2E-BF51-2E6883FF56F9}.Debug|Any CPU.Build.0 = Debug|Any CPU
		{745B33F3-A69A-4A2E-BF51-2E6883FF56F9}.Release|Any CPU.ActiveCfg = Release|Any CPU
		{745B33F3-A69A-4A2E-BF51-2E6883FF56F9}.Release|Any CPU.Build.0 = Release|Any CPU
		{E2FA0694-B0D0-4A83-8B7B-C6E8CD5673D7}.Debug|Any CPU.ActiveCfg = Debug|Any CPU
		{E2FA0694-B0D0-4A83-8B7B-C6E8CD5673D7}.Debug|Any CPU.Build.0 = Debug|Any CPU
		{E2FA0694-B0D0-4A83-8B7B-C6E8CD5673D7}.Release|Any CPU.ActiveCfg = Release|Any CPU
		{E2FA0694-B0D0-4A83-8B7B-C6E8CD5673D7}.Release|Any CPU.Build.0 = Release|Any CPU
	EndGlobalSection
	GlobalSection(SolutionProperties) = preSolution
		HideSolutionNode = FALSE
	EndGlobalSection
	GlobalSection(ExtensibilityGlobals) = postSolution
		SolutionGuid = {2FF64552-2645-44B8-B602-B81A9DBE9D54}
	EndGlobalSection
EndGlobal
